
Microsoft Visual Studio Solution File, Format Version 12.00
# Visual Studio Version 17
VisualStudioVersion = 17.6.33829.357
MinimumVisualStudioVersion = 10.0.40219.1
Project("{FAE04EC0-301F-11D3-BF4B-00C04F79EFBC}") = "ExeWebApi", "ExeWebApi\ExeWebApi.csproj", "{0D82ABE7-7C92-40AC-97FA-1A6769DC5820}"
EndProject
Project("{FAE04EC0-301F-11D3-BF4B-00C04F79EFBC}") = "Model", "Model\Model.csproj", "{3AAEEDCB-8394-45A3-BE7A-F1DDDBC282AF}"
EndProject
Project("{FAE04EC0-301F-11D3-BF4B-00C04F79EFBC}") = "Interface", "Interface\Interface.csproj", "{7E8D94C4-C68B-4C25-AAD5-8FD3FE32CB5C}"
EndProject
Project("{FAE04EC0-301F-11D3-BF4B-00C04F79EFBC}") = "Service", "Service\Service.csproj", "{70B04CB7-40EB-4E47-A757-113E5E30220A}"
EndProject
Global
	GlobalSection(SolutionConfigurationPlatforms) = preSolution
		Debug|Any CPU = Debug|Any CPU
		Release|Any CPU = Release|Any CPU
	EndGlobalSection
	GlobalSection(ProjectConfigurationPlatforms) = postSolution
		{0D82ABE7-7C92-40AC-97FA-1A6769DC5820}.Debug|Any CPU.ActiveCfg = Debug|Any CPU
		{0D82ABE7-7C92-40AC-97FA-1A6769DC5820}.Debug|Any CPU.Build.0 = Debug|Any CPU
		{0D82ABE7-7C92-40AC-97FA-1A6769DC5820}.Release|Any CPU.ActiveCfg = Release|Any CPU
		{0D82ABE7-7C92-40AC-97FA-1A6769DC5820}.Release|Any CPU.Build.0 = Release|Any CPU
		{3AAEEDCB-8394-45A3-BE7A-F1DDDBC282AF}.Debug|Any CPU.ActiveCfg = Debug|Any CPU
		{3AAEEDCB-8394-45A3-BE7A-F1DDDBC282AF}.Debug|Any CPU.Build.0 = Debug|Any CPU
		{3AAEEDCB-8394-45A3-BE7A-F1DDDBC282AF}.Release|Any CPU.ActiveCfg = Release|Any CPU
		{3AAEEDCB-8394-45A3-BE7A-F1DDDBC282AF}.Release|Any CPU.Build.0 = Release|Any CPU
		{7E8D94C4-C68B-4C25-AAD5-8FD3FE32CB5C}.Debug|Any CPU.ActiveCfg = Debug|Any CPU
		{7E8D94C4-C68B-4C25-AAD5-8FD3FE32CB5C}.Debug|Any CPU.Build.0 = Debug|Any CPU
		{7E8D94C4-C68B-4C25-AAD5-8FD3FE32CB5C}.Release|Any CPU.ActiveCfg = Release|Any CPU
		{7E8D94C4-C68B-4C25-AAD5-8FD3FE32CB5C}.Release|Any CPU.Build.0 = Release|Any CPU
		{70B04CB7-40EB-4E47-A757-113E5E30220A}.Debug|Any CPU.ActiveCfg = Debug|Any CPU
		{70B04CB7-40EB-4E47-A757-113E5E30220A}.Debug|Any CPU.Build.0 = Debug|Any CPU
		{70B04CB7-40EB-4E47-A757-113E5E30220A}.Release|Any CPU.ActiveCfg = Release|Any CPU
		{70B04CB7-40EB-4E47-A757-113E5E30220A}.Release|Any CPU.Build.0 = Release|Any CPU
	EndGlobalSection
	GlobalSection(SolutionProperties) = preSolution
		HideSolutionNode = FALSE
	EndGlobalSection
	GlobalSection(ExtensibilityGlobals) = postSolution
		SolutionGuid = {4E34FC54-8932-4725-A557-D8F39DA7E6F1}
	EndGlobalSection
EndGlobal
